{
  "version": 4,
  "terraform_version": "0.12.18",
  "serial": 9,
  "lineage": "8d08c35e-b469-acf9-4fe2-f0c1c150599c",
  "outputs": {
    "ip": {
      "value": "35.247.86.110",
      "type": "string"
    }
  },
  "resources": [
    {
      "mode": "managed",
      "type": "google_compute_instance",
      "name": "default",
      "provider": "provider.google",
      "instances": [
        {
          "schema_version": 6,
          "attributes": {
            "allow_stopping_for_update": null,
            "attached_disk": [],
            "boot_disk": [
              {
                "auto_delete": true,
                "device_name": "persistent-disk-0",
                "disk_encryption_key_raw": "",
                "disk_encryption_key_sha256": "",
                "initialize_params": [
                  {
                    "image": "https://www.googleapis.com/compute/v1/projects/debian-cloud/global/images/debian-9-stretch-v20191121",
                    "labels": {},
                    "size": 10,
                    "type": "pd-standard"
                  }
                ],
                "kms_key_self_link": "",
                "mode": "READ_WRITE",
                "source": "https://www.googleapis.com/compute/v1/projects/michelskoglund-codelabs/zones/us-west1-a/disks/flask-vm-22aaf80e3de7f71d"
              }
            ],
            "can_ip_forward": false,
            "cpu_platform": "Intel Broadwell",
            "deletion_protection": false,
            "description": "",
            "enable_display": false,
            "guest_accelerator": [],
            "hostname": "",
            "id": "projects/michelskoglund-codelabs/zones/us-west1-a/instances/flask-vm-22aaf80e3de7f71d",
            "instance_id": "6149206887223688242",
            "label_fingerprint": "42WmSpB8rSM=",
            "labels": {},
            "machine_type": "f1-micro",
            "metadata": {
              "ssh-keys": "INSERT_USERNAME:ssh-rsa AAAAB3NzaC1yc2EAAAADAQABAAABAQDyMx8xzdLM/PtPN4LESpxzn4xBqXQRlXgcrFUMX7v0Wt0Cley15r/OZLbK1BpFuGEuhdyKcCQ151UunvNpAIzjNDbADDxNLyLybmq6ypQlGQ90SUaMOlE5nEpkyXKOu5TMdEes2sAwHmkmVRGGsVCuAXuR3ly8CVzWYVZkUdZ8aWJqhEo24j5i0Gaiztaiy3S5wa35ARc17xXdQc8QeGMTJbwBFIiy/m2ijCND9cVMI1EAY5ZgvnT8Gfw3JJm+OrK1mAk7C+5D1pkfQoePICYurDAljMAhUTtxZKfgrluQRdUHxyXIbrc5VAQrPpL7MyfvWnzw8ZJvEUjM0gpHTM8V michelskoglund@Michels-MacBook-Pro.local\n"
            },
            "metadata_fingerprint": "IvDPtuZiBAY=",
            "metadata_startup_script": "sudo apt-get update; sudo apt-get unstall -yq build-essential python-pip rsync; pip install flask",
            "min_cpu_platform": "",
            "name": "flask-vm-22aaf80e3de7f71d",
            "network_interface": [
              {
                "access_config": [
                  {
                    "nat_ip": "35.247.86.110",
                    "network_tier": "PREMIUM",
                    "public_ptr_domain_name": ""
                  }
                ],
                "alias_ip_range": [],
                "name": "nic0",
                "network": "https://www.googleapis.com/compute/v1/projects/michelskoglund-codelabs/global/networks/default",
                "network_ip": "10.138.0.2",
                "subnetwork": "https://www.googleapis.com/compute/v1/projects/michelskoglund-codelabs/regions/us-west1/subnetworks/default",
                "subnetwork_project": "michelskoglund-codelabs"
              }
            ],
            "project": "michelskoglund-codelabs",
            "scheduling": [
              {
                "automatic_restart": true,
                "node_affinities": [],
                "on_host_maintenance": "MIGRATE",
                "preemptible": false
              }
            ],
            "scratch_disk": [],
            "self_link": "https://www.googleapis.com/compute/v1/projects/michelskoglund-codelabs/zones/us-west1-a/instances/flask-vm-22aaf80e3de7f71d",
            "service_account": [],
            "shielded_instance_config": [],
            "tags": [],
            "tags_fingerprint": "42WmSpB8rSM=",
            "timeouts": null,
            "zone": "us-west1-a"
          },
          "private": "eyJlMmJmYjczMC1lY2FhLTExZTYtOGY4OC0zNDM2M2JjN2M0YzAiOnsiY3JlYXRlIjoxMjAwMDAwMDAwMDAwLCJkZWxldGUiOjEyMDAwMDAwMDAwMDAsInVwZGF0ZSI6MTIwMDAwMDAwMDAwMH0sInNjaGVtYV92ZXJzaW9uIjoiNiJ9",
          "dependencies": [
            "random_id.instance_id"
          ]
        }
      ]
    },
    {
      "mode": "managed",
      "type": "random_id",
      "name": "instance_id",
      "provider": "provider.random",
      "instances": [
        {
          "schema_version": 0,
          "attributes": {
            "b64": "Iqr4Dj3n9x0",
            "b64_std": "Iqr4Dj3n9x0=",
            "b64_url": "Iqr4Dj3n9x0",
            "byte_length": 8,
            "dec": "2498081683382204189",
            "hex": "22aaf80e3de7f71d",
            "id": "Iqr4Dj3n9x0",
            "keepers": null,
            "prefix": null
          },
          "private": "bnVsbA=="
        }
      ]
    }
  ]
}
