{
  "version": 4,
  "terraform_version": "0.12.18",
  "serial": 35,
  "lineage": "8d08c35e-b469-acf9-4fe2-f0c1c150599c",
  "outputs": {
    "ip": {
      "value": "35.247.86.110",
      "type": "string"
    }
  },
  "resources": [
    {
      "mode": "managed",
      "type": "google_compute_firewall",
      "name": "default",
      "provider": "provider.google",
      "instances": [
        {
          "schema_version": 1,
          "attributes": {
            "allow": [
              {
                "ports": [
                  "5000"
                ],
                "protocol": "tcp"
              }
            ],
            "creation_timestamp": "2019-12-17T05:14:28.579-08:00",
            "deny": [],
            "description": "",
            "destination_ranges": [],
            "direction": "INGRESS",
            "disabled": false,
            "enable_logging": false,
            "id": "projects/michelskoglund-codelabs/global/firewalls/flask-app-firewall",
            "name": "flask-app-firewall",
            "network": "https://www.googleapis.com/compute/v1/projects/michelskoglund-codelabs/global/networks/default",
            "priority": 1000,
            "project": "michelskoglund-codelabs",
            "self_link": "https://www.googleapis.com/compute/v1/projects/michelskoglund-codelabs/global/firewalls/flask-app-firewall",
            "source_ranges": [
              "0.0.0.0/0"
            ],
            "source_service_accounts": null,
            "source_tags": null,
            "target_service_accounts": null,
            "target_tags": null,
            "timeouts": null
          },
          "private": "eyJlMmJmYjczMC1lY2FhLTExZTYtOGY4OC0zNDM2M2JjN2M0YzAiOnsiY3JlYXRlIjoyNDAwMDAwMDAwMDAsImRlbGV0ZSI6MjQwMDAwMDAwMDAwLCJ1cGRhdGUiOjI0MDAwMDAwMDAwMH0sInNjaGVtYV92ZXJzaW9uIjoiMSJ9"
        }
      ]
    },
    {
      "mode": "managed",
      "type": "google_compute_instance",
      "name": "default",
      "provider": "provider.google",
      "instances": [
        {
          "schema_version": 6,
          "attributes": {
            "allow_stopping_for_update": null,
            "attached_disk": [],
            "boot_disk": [
              {
                "auto_delete": true,
                "device_name": "persistent-disk-0",
                "disk_encryption_key_raw": "",
                "disk_encryption_key_sha256": "",
                "initialize_params": [
                  {
                    "image": "https://www.googleapis.com/compute/v1/projects/debian-cloud/global/images/debian-9-stretch-v20191210",
                    "labels": {},
                    "size": 10,
                    "type": "pd-standard"
                  }
                ],
                "kms_key_self_link": "",
                "mode": "READ_WRITE",
                "source": "https://www.googleapis.com/compute/v1/projects/michelskoglund-codelabs/zones/us-west1-a/disks/flask-vm-977c1a8f7d5d9358"
              }
            ],
            "can_ip_forward": false,
            "cpu_platform": "Intel Broadwell",
            "deletion_protection": false,
            "description": "",
            "enable_display": false,
            "guest_accelerator": [],
            "hostname": "",
            "id": "projects/michelskoglund-codelabs/zones/us-west1-a/instances/flask-vm-977c1a8f7d5d9358",
            "instance_id": "3470539198930709082",
            "label_fingerprint": "42WmSpB8rSM=",
            "labels": null,
            "machine_type": "f1-micro",
            "metadata": {
              "ssh-keys": "michelskoglund:ssh-rsa AAAAB3NzaC1yc2EAAAADAQABAAABAQC3k0L2W4+xJMaX5jhdsPPyYMp621uf6SHpk7rOmDcMNLbalm2wEVzkz7LfGYKjHqEz+8yk26+hoeE585KCBgvmHvrvE1egA3HiLvFuaMU2tzxQ3YxAjjGmQtz5W5mWGr7LVY0O3Y/EYgjLZ81RY8+4C0XyEkhtbSM1iqCqIQtEbFwa9qx8VM2IO/TzHtbUUL+wpj+H+90GtdwkREJSAMYUOxDPBcrgs1/BjVbglqLAhlwe/Y1xPPd77FeGH07Ri0LiiDxbTLKkwhazZaeoCVE02Kk1DAHaHR+DDOHkKdyc4mqLLTubjW7JIux83EVpbBbpxqKiS/QSHv/FlBrHIU7P michelskoglund\n"
            },
            "metadata_fingerprint": "Hs6f4DgdGME=",
            "metadata_startup_script": "sudo apt-get update; sudo apt-get install -yq build-essential python-pip rsync; pip install flask",
            "min_cpu_platform": "",
            "name": "flask-vm-977c1a8f7d5d9358",
            "network_interface": [
              {
                "access_config": [
                  {
                    "nat_ip": "35.247.86.110",
                    "network_tier": "PREMIUM",
                    "public_ptr_domain_name": ""
                  }
                ],
                "alias_ip_range": [],
                "name": "nic0",
                "network": "https://www.googleapis.com/compute/v1/projects/michelskoglund-codelabs/global/networks/default",
                "network_ip": "10.138.0.6",
                "subnetwork": "https://www.googleapis.com/compute/v1/projects/michelskoglund-codelabs/regions/us-west1/subnetworks/default",
                "subnetwork_project": "michelskoglund-codelabs"
              }
            ],
            "project": "michelskoglund-codelabs",
            "scheduling": [
              {
                "automatic_restart": true,
                "node_affinities": [],
                "on_host_maintenance": "MIGRATE",
                "preemptible": false
              }
            ],
            "scratch_disk": [],
            "self_link": "https://www.googleapis.com/compute/v1/projects/michelskoglund-codelabs/zones/us-west1-a/instances/flask-vm-977c1a8f7d5d9358",
            "service_account": [],
            "shielded_instance_config": [],
            "tags": null,
            "tags_fingerprint": "42WmSpB8rSM=",
            "timeouts": null,
            "zone": "us-west1-a"
          },
          "private": "eyJlMmJmYjczMC1lY2FhLTExZTYtOGY4OC0zNDM2M2JjN2M0YzAiOnsiY3JlYXRlIjoxMjAwMDAwMDAwMDAwLCJkZWxldGUiOjEyMDAwMDAwMDAwMDAsInVwZGF0ZSI6MTIwMDAwMDAwMDAwMH0sInNjaGVtYV92ZXJzaW9uIjoiNiJ9",
          "dependencies": [
            "random_id.instance_id"
          ]
        }
      ]
    },
    {
      "mode": "managed",
      "type": "random_id",
      "name": "instance_id",
      "provider": "provider.random",
      "instances": [
        {
          "schema_version": 0,
          "attributes": {
            "b64": "l3waj31dk1g",
            "b64_std": "l3waj31dk1g=",
            "b64_url": "l3waj31dk1g",
            "byte_length": 8,
            "dec": "10915628800425169752",
            "hex": "977c1a8f7d5d9358",
            "id": "l3waj31dk1g",
            "keepers": null,
            "prefix": null
          },
          "private": "bnVsbA=="
        }
      ]
    }
  ]
}
